// !$*UTF8*$!
{
	archiveVersion = 1;
	classes = {
	};
	objectVersion = 50;
	objects = {

/* Begin PBXBuildFile section */
		AD6B8A0625657CCF0039DB85 /* FeedViewController.m in Sources */ = {isa = PBXBuildFile; fileRef = AD6B8A0525657CCF0039DB85 /* FeedViewController.m */; };
		AD6B8A0B2565E0100039DB85 /* FeedCell.m in Sources */ = {isa = PBXBuildFile; fileRef = AD6B8A0A2565E00F0039DB85 /* FeedCell.m */; };
		AD6B8A172565E87F0039DB85 /* NetworkManager.m in Sources */ = {isa = PBXBuildFile; fileRef = AD6B8A162565E87F0039DB85 /* NetworkManager.m */; };
		AD6B8A1D2565EB2D0039DB85 /* FeedItem.m in Sources */ = {isa = PBXBuildFile; fileRef = AD6B8A1C2565EB2D0039DB85 /* FeedItem.m */; };
		AD6B8A2A2565F6EA0039DB85 /* FeedPresenter.m in Sources */ = {isa = PBXBuildFile; fileRef = AD6B8A292565F6EA0039DB85 /* FeedPresenter.m */; };
		AD6B8A2F2566A65E0039DB85 /* RSSParser.m in Sources */ = {isa = PBXBuildFile; fileRef = AD6B8A2E2566A65E0039DB85 /* RSSParser.m */; };
		AD71CF78256DB26F008526DB /* NSString+DateConverter.m in Sources */ = {isa = PBXBuildFile; fileRef = AD71CF77256DB26F008526DB /* NSString+DateConverter.m */; };
		AD71CF7D256EA093008526DB /* NSXMLParser+InitializationWithDelegate.m in Sources */ = {isa = PBXBuildFile; fileRef = AD71CF7C256EA093008526DB /* NSXMLParser+InitializationWithDelegate.m */; };
		AD71CF81256EA28F008526DB /* NSDateFormatter+InitializingWithFormat.m in Sources */ = {isa = PBXBuildFile; fileRef = AD71CF80256EA28F008526DB /* NSDateFormatter+InitializingWithFormat.m */; };
		D723D95C2562E2FE003DF465 /* AppDelegate.m in Sources */ = {isa = PBXBuildFile; fileRef = D723D95B2562E2FE003DF465 /* AppDelegate.m */; };
		D723D9672562E304003DF465 /* Assets.xcassets in Resources */ = {isa = PBXBuildFile; fileRef = D723D9662562E304003DF465 /* Assets.xcassets */; };
		D723D96A2562E304003DF465 /* LaunchScreen.storyboard in Resources */ = {isa = PBXBuildFile; fileRef = D723D9682562E304003DF465 /* LaunchScreen.storyboard */; };
		D723D96D2562E304003DF465 /* main.m in Sources */ = {isa = PBXBuildFile; fileRef = D723D96C2562E304003DF465 /* main.m */; };
		FB0F162325B0CAA300519D79 /* WebViewController.m in Sources */ = {isa = PBXBuildFile; fileRef = FB0F162225B0CAA300519D79 /* WebViewController.m */; };
		FB5A49EF25DC6812002F1163 /* Colors.xcassets in Resources */ = {isa = PBXBuildFile; fileRef = FB5A49EE25DC6812002F1163 /* Colors.xcassets */; };
		FBEF823825AF273C00CA5C20 /* UIViewController+ActivityIndicator.m in Sources */ = {isa = PBXBuildFile; fileRef = FBEF823725AF273C00CA5C20 /* UIViewController+ActivityIndicator.m */; };
/* End PBXBuildFile section */

/* Begin PBXFileReference section */
		AD6B8A0425657CCF0039DB85 /* FeedViewController.h */ = {isa = PBXFileReference; lastKnownFileType = sourcecode.c.h; path = FeedViewController.h; sourceTree = "<group>"; };
		AD6B8A0525657CCF0039DB85 /* FeedViewController.m */ = {isa = PBXFileReference; lastKnownFileType = sourcecode.c.objc; path = FeedViewController.m; sourceTree = "<group>"; };
		AD6B8A092565E00F0039DB85 /* FeedCell.h */ = {isa = PBXFileReference; lastKnownFileType = sourcecode.c.h; path = FeedCell.h; sourceTree = "<group>"; };
		AD6B8A0A2565E00F0039DB85 /* FeedCell.m */ = {isa = PBXFileReference; lastKnownFileType = sourcecode.c.objc; path = FeedCell.m; sourceTree = "<group>"; };
		AD6B8A152565E87F0039DB85 /* NetworkManager.h */ = {isa = PBXFileReference; lastKnownFileType = sourcecode.c.h; path = NetworkManager.h; sourceTree = "<group>"; };
		AD6B8A162565E87F0039DB85 /* NetworkManager.m */ = {isa = PBXFileReference; lastKnownFileType = sourcecode.c.objc; path = NetworkManager.m; sourceTree = "<group>"; };
		AD6B8A1B2565EB2D0039DB85 /* FeedItem.h */ = {isa = PBXFileReference; lastKnownFileType = sourcecode.c.h; path = FeedItem.h; sourceTree = "<group>"; };
		AD6B8A1C2565EB2D0039DB85 /* FeedItem.m */ = {isa = PBXFileReference; lastKnownFileType = sourcecode.c.objc; path = FeedItem.m; sourceTree = "<group>"; };
		AD6B8A282565F6EA0039DB85 /* FeedPresenter.h */ = {isa = PBXFileReference; lastKnownFileType = sourcecode.c.h; path = FeedPresenter.h; sourceTree = "<group>"; };
		AD6B8A292565F6EA0039DB85 /* FeedPresenter.m */ = {isa = PBXFileReference; lastKnownFileType = sourcecode.c.objc; path = FeedPresenter.m; sourceTree = "<group>"; };
		AD6B8A2D2566A65E0039DB85 /* RSSParser.h */ = {isa = PBXFileReference; lastKnownFileType = sourcecode.c.h; path = RSSParser.h; sourceTree = "<group>"; };
		AD6B8A2E2566A65E0039DB85 /* RSSParser.m */ = {isa = PBXFileReference; lastKnownFileType = sourcecode.c.objc; path = RSSParser.m; sourceTree = "<group>"; };
		AD71CF76256DB26F008526DB /* NSString+DateConverter.h */ = {isa = PBXFileReference; lastKnownFileType = sourcecode.c.h; path = "NSString+DateConverter.h"; sourceTree = "<group>"; };
		AD71CF77256DB26F008526DB /* NSString+DateConverter.m */ = {isa = PBXFileReference; lastKnownFileType = sourcecode.c.objc; path = "NSString+DateConverter.m"; sourceTree = "<group>"; };
		AD71CF7B256EA093008526DB /* NSXMLParser+InitializationWithDelegate.h */ = {isa = PBXFileReference; lastKnownFileType = sourcecode.c.h; path = "NSXMLParser+InitializationWithDelegate.h"; sourceTree = "<group>"; };
		AD71CF7C256EA093008526DB /* NSXMLParser+InitializationWithDelegate.m */ = {isa = PBXFileReference; lastKnownFileType = sourcecode.c.objc; path = "NSXMLParser+InitializationWithDelegate.m"; sourceTree = "<group>"; };
		AD71CF7F256EA28F008526DB /* NSDateFormatter+InitializingWithFormat.h */ = {isa = PBXFileReference; lastKnownFileType = sourcecode.c.h; path = "NSDateFormatter+InitializingWithFormat.h"; sourceTree = "<group>"; };
		AD71CF80256EA28F008526DB /* NSDateFormatter+InitializingWithFormat.m */ = {isa = PBXFileReference; lastKnownFileType = sourcecode.c.objc; path = "NSDateFormatter+InitializingWithFormat.m"; sourceTree = "<group>"; };
		D723D9572562E2FE003DF465 /* RSSReader.app */ = {isa = PBXFileReference; explicitFileType = wrapper.application; includeInIndex = 0; path = RSSReader.app; sourceTree = BUILT_PRODUCTS_DIR; };
		D723D95A2562E2FE003DF465 /* AppDelegate.h */ = {isa = PBXFileReference; lastKnownFileType = sourcecode.c.h; path = AppDelegate.h; sourceTree = "<group>"; };
		D723D95B2562E2FE003DF465 /* AppDelegate.m */ = {isa = PBXFileReference; lastKnownFileType = sourcecode.c.objc; path = AppDelegate.m; sourceTree = "<group>"; };
		D723D9662562E304003DF465 /* Assets.xcassets */ = {isa = PBXFileReference; lastKnownFileType = folder.assetcatalog; path = Assets.xcassets; sourceTree = "<group>"; };
		D723D9692562E304003DF465 /* Base */ = {isa = PBXFileReference; lastKnownFileType = file.storyboard; name = Base; path = Base.lproj/LaunchScreen.storyboard; sourceTree = "<group>"; };
		D723D96B2562E304003DF465 /* Info.plist */ = {isa = PBXFileReference; lastKnownFileType = text.plist.xml; path = Info.plist; sourceTree = "<group>"; };
		D723D96C2562E304003DF465 /* main.m */ = {isa = PBXFileReference; lastKnownFileType = sourcecode.c.objc; path = main.m; sourceTree = "<group>"; };
		FB08F82B25B6334C008316E2 /* USCellStates.h */ = {isa = PBXFileReference; lastKnownFileType = sourcecode.c.h; path = USCellStates.h; sourceTree = "<group>"; };
		FB0F161F25B0C60600519D79 /* CustomTableViewProtocol.h */ = {isa = PBXFileReference; lastKnownFileType = sourcecode.c.h; path = CustomTableViewProtocol.h; sourceTree = "<group>"; };
		FB0F162125B0CAA300519D79 /* WebViewController.h */ = {isa = PBXFileReference; lastKnownFileType = sourcecode.c.h; path = WebViewController.h; sourceTree = "<group>"; };
		FB0F162225B0CAA300519D79 /* WebViewController.m */ = {isa = PBXFileReference; lastKnownFileType = sourcecode.c.objc; path = WebViewController.m; sourceTree = "<group>"; };
		FB5A49EE25DC6812002F1163 /* Colors.xcassets */ = {isa = PBXFileReference; lastKnownFileType = folder.assetcatalog; path = Colors.xcassets; sourceTree = "<group>"; };
		FBEF823625AF273C00CA5C20 /* UIViewController+ActivityIndicator.h */ = {isa = PBXFileReference; lastKnownFileType = sourcecode.c.h; path = "UIViewController+ActivityIndicator.h"; sourceTree = "<group>"; };
		FBEF823725AF273C00CA5C20 /* UIViewController+ActivityIndicator.m */ = {isa = PBXFileReference; lastKnownFileType = sourcecode.c.objc; path = "UIViewController+ActivityIndicator.m"; sourceTree = "<group>"; };
/* End PBXFileReference section */

/* Begin PBXFrameworksBuildPhase section */
		D723D9542562E2FE003DF465 /* Frameworks */ = {
			isa = PBXFrameworksBuildPhase;
			buildActionMask = 2147483647;
			files = (
			);
			runOnlyForDeploymentPostprocessing = 0;
		};
/* End PBXFrameworksBuildPhase section */

/* Begin PBXGroup section */
		AD6B8A0125657C7F0039DB85 /* View */ = {
			isa = PBXGroup;
			children = (
				AD6B8A0425657CCF0039DB85 /* FeedViewController.h */,
				AD6B8A0525657CCF0039DB85 /* FeedViewController.m */,
				AD6B8A092565E00F0039DB85 /* FeedCell.h */,
				AD6B8A0A2565E00F0039DB85 /* FeedCell.m */,
				FB0F162125B0CAA300519D79 /* WebViewController.h */,
				FB0F162225B0CAA300519D79 /* WebViewController.m */,
			);
			path = View;
			sourceTree = "<group>";
		};
		AD6B8A142565E7200039DB85 /* Services */ = {
			isa = PBXGroup;
			children = (
				AD6B8A152565E87F0039DB85 /* NetworkManager.h */,
				AD6B8A162565E87F0039DB85 /* NetworkManager.m */,
				AD6B8A2D2566A65E0039DB85 /* RSSParser.h */,
				AD6B8A2E2566A65E0039DB85 /* RSSParser.m */,
			);
			path = Services;
			sourceTree = "<group>";
		};
		AD6B8A1A2565EAE90039DB85 /* Model */ = {
			isa = PBXGroup;
			children = (
				AD6B8A1B2565EB2D0039DB85 /* FeedItem.h */,
				AD6B8A1C2565EB2D0039DB85 /* FeedItem.m */,
			);
			path = Model;
			sourceTree = "<group>";
		};
		AD6B8A202565EF050039DB85 /* Presenter */ = {
			isa = PBXGroup;
			children = (
				AD6B8A282565F6EA0039DB85 /* FeedPresenter.h */,
				AD6B8A292565F6EA0039DB85 /* FeedPresenter.m */,
			);
			path = Presenter;
			sourceTree = "<group>";
		};
		AD71CF83256EA35C008526DB /* Categories */ = {
			isa = PBXGroup;
			children = (
				AD71CF76256DB26F008526DB /* NSString+DateConverter.h */,
				AD71CF77256DB26F008526DB /* NSString+DateConverter.m */,
				AD71CF7B256EA093008526DB /* NSXMLParser+InitializationWithDelegate.h */,
				AD71CF7C256EA093008526DB /* NSXMLParser+InitializationWithDelegate.m */,
				AD71CF7F256EA28F008526DB /* NSDateFormatter+InitializingWithFormat.h */,
				AD71CF80256EA28F008526DB /* NSDateFormatter+InitializingWithFormat.m */,
				FBEF823625AF273C00CA5C20 /* UIViewController+ActivityIndicator.h */,
				FBEF823725AF273C00CA5C20 /* UIViewController+ActivityIndicator.m */,
			);
			path = Categories;
			sourceTree = "<group>";
		};
		D723D94E2562E2FE003DF465 = {
			isa = PBXGroup;
			children = (
				D723D9592562E2FE003DF465 /* RSSReader */,
				D723D9582562E2FE003DF465 /* Products */,
			);
			sourceTree = "<group>";
		};
		D723D9582562E2FE003DF465 /* Products */ = {
			isa = PBXGroup;
			children = (
				D723D9572562E2FE003DF465 /* RSSReader.app */,
			);
			name = Products;
			sourceTree = "<group>";
		};
		D723D9592562E2FE003DF465 /* RSSReader */ = {
			isa = PBXGroup;
			children = (
				D723D9B22563CFAF003DF465 /* Support */,
				AD6B8A0125657C7F0039DB85 /* View */,
				AD6B8A142565E7200039DB85 /* Services */,
				AD6B8A1A2565EAE90039DB85 /* Model */,
				AD6B8A202565EF050039DB85 /* Presenter */,
				FB0F162525B0D05500519D79 /* Protocolos */,
				FBEE717525B882B800FE6A1B /* Enums */,
				AD71CF83256EA35C008526DB /* Categories */,
				FB5A49EE25DC6812002F1163 /* Colors.xcassets */,
			);
			path = RSSReader;
			sourceTree = "<group>";
		};
		D723D9B22563CFAF003DF465 /* Support */ = {
			isa = PBXGroup;
			children = (
				D723D95A2562E2FE003DF465 /* AppDelegate.h */,
				D723D95B2562E2FE003DF465 /* AppDelegate.m */,
				D723D9662562E304003DF465 /* Assets.xcassets */,
				D723D9682562E304003DF465 /* LaunchScreen.storyboard */,
				D723D96B2562E304003DF465 /* Info.plist */,
				D723D96C2562E304003DF465 /* main.m */,
			);
			path = Support;
			sourceTree = "<group>";
		};
		FB0F162525B0D05500519D79 /* Protocolos */ = {
			isa = PBXGroup;
			children = (
				FB0F161F25B0C60600519D79 /* CustomTableViewProtocol.h */,
			);
			path = Protocolos;
			sourceTree = "<group>";
		};
		FBEE717525B882B800FE6A1B /* Enums */ = {
			isa = PBXGroup;
			children = (
				FB08F82B25B6334C008316E2 /* USCellStates.h */,
			);
			path = Enums;
			sourceTree = "<group>";
		};
/* End PBXGroup section */

/* Begin PBXNativeTarget section */
		D723D9562562E2FE003DF465 /* RSSReader */ = {
			isa = PBXNativeTarget;
			buildConfigurationList = D723D9702562E304003DF465 /* Build configuration list for PBXNativeTarget "RSSReader" */;
			buildPhases = (
				D723D9532562E2FE003DF465 /* Sources */,
				D723D9542562E2FE003DF465 /* Frameworks */,
				D723D9552562E2FE003DF465 /* Resources */,
			);
			buildRules = (
			);
			dependencies = (
			);
			name = RSSReader;
			productName = RSSReader;
			productReference = D723D9572562E2FE003DF465 /* RSSReader.app */;
			productType = "com.apple.product-type.application";
		};
/* End PBXNativeTarget section */

/* Begin PBXProject section */
		D723D94F2562E2FE003DF465 /* Project object */ = {
			isa = PBXProject;
			attributes = {
				LastUpgradeCheck = 1220;
				TargetAttributes = {
					D723D9562562E2FE003DF465 = {
						CreatedOnToolsVersion = 12.2;
					};
				};
			};
			buildConfigurationList = D723D9522562E2FE003DF465 /* Build configuration list for PBXProject "RSSReader" */;
			compatibilityVersion = "Xcode 9.3";
			developmentRegion = en;
			hasScannedForEncodings = 0;
			knownRegions = (
				en,
				Base,
			);
			mainGroup = D723D94E2562E2FE003DF465;
			productRefGroup = D723D9582562E2FE003DF465 /* Products */;
			projectDirPath = "";
			projectRoot = "";
			targets = (
				D723D9562562E2FE003DF465 /* RSSReader */,
			);
		};
/* End PBXProject section */

/* Begin PBXResourcesBuildPhase section */
		D723D9552562E2FE003DF465 /* Resources */ = {
			isa = PBXResourcesBuildPhase;
			buildActionMask = 2147483647;
			files = (
				FB5A49EF25DC6812002F1163 /* Colors.xcassets in Resources */,
				D723D96A2562E304003DF465 /* LaunchScreen.storyboard in Resources */,
				D723D9672562E304003DF465 /* Assets.xcassets in Resources */,
			);
			runOnlyForDeploymentPostprocessing = 0;
		};
/* End PBXResourcesBuildPhase section */

/* Begin PBXSourcesBuildPhase section */
		D723D9532562E2FE003DF465 /* Sources */ = {
			isa = PBXSourcesBuildPhase;
			buildActionMask = 2147483647;
			files = (
				AD71CF7D256EA093008526DB /* NSXMLParser+InitializationWithDelegate.m in Sources */,
				AD71CF78256DB26F008526DB /* NSString+DateConverter.m in Sources */,
				D723D95C2562E2FE003DF465 /* AppDelegate.m in Sources */,
				AD6B8A0B2565E0100039DB85 /* FeedCell.m in Sources */,
				AD6B8A0625657CCF0039DB85 /* FeedViewController.m in Sources */,
				FBEF823825AF273C00CA5C20 /* UIViewController+ActivityIndicator.m in Sources */,
				FB0F162325B0CAA300519D79 /* WebViewController.m in Sources */,
				AD6B8A2F2566A65E0039DB85 /* RSSParser.m in Sources */,
				AD6B8A1D2565EB2D0039DB85 /* FeedItem.m in Sources */,
				AD6B8A172565E87F0039DB85 /* NetworkManager.m in Sources */,
				D723D96D2562E304003DF465 /* main.m in Sources */,
				AD71CF81256EA28F008526DB /* NSDateFormatter+InitializingWithFormat.m in Sources */,
				AD6B8A2A2565F6EA0039DB85 /* FeedPresenter.m in Sources */,
			);
			runOnlyForDeploymentPostprocessing = 0;
		};
/* End PBXSourcesBuildPhase section */

/* Begin PBXVariantGroup section */
		D723D9682562E304003DF465 /* LaunchScreen.storyboard */ = {
			isa = PBXVariantGroup;
			children = (
				D723D9692562E304003DF465 /* Base */,
			);
			name = LaunchScreen.storyboard;
			sourceTree = "<group>";
		};
/* End PBXVariantGroup section */

/* Begin XCBuildConfiguration section */
		D723D96E2562E304003DF465 /* Debug */ = {
			isa = XCBuildConfiguration;
			buildSettings = {
				ALWAYS_SEARCH_USER_PATHS = NO;
				CLANG_ANALYZER_NONNULL = YES;
				CLANG_ANALYZER_NUMBER_OBJECT_CONVERSION = YES_AGGRESSIVE;
				CLANG_CXX_LANGUAGE_STANDARD = "gnu++14";
				CLANG_CXX_LIBRARY = "libc++";
				CLANG_ENABLE_MODULES = YES;
				CLANG_ENABLE_OBJC_ARC = NO;
				CLANG_ENABLE_OBJC_WEAK = YES;
				CLANG_WARN_BLOCK_CAPTURE_AUTORELEASING = YES;
				CLANG_WARN_BOOL_CONVERSION = YES;
				CLANG_WARN_COMMA = YES;
				CLANG_WARN_CONSTANT_CONVERSION = YES;
				CLANG_WARN_DEPRECATED_OBJC_IMPLEMENTATIONS = YES;
				CLANG_WARN_DIRECT_OBJC_ISA_USAGE = YES_ERROR;
				CLANG_WARN_DOCUMENTATION_COMMENTS = YES;
				CLANG_WARN_EMPTY_BODY = YES;
				CLANG_WARN_ENUM_CONVERSION = YES;
				CLANG_WARN_INFINITE_RECURSION = YES;
				CLANG_WARN_INT_CONVERSION = YES;
				CLANG_WARN_NON_LITERAL_NULL_CONVERSION = YES;
				CLANG_WARN_OBJC_IMPLICIT_RETAIN_SELF = YES;
				CLANG_WARN_OBJC_LITERAL_CONVERSION = YES;
				CLANG_WARN_OBJC_ROOT_CLASS = YES_ERROR;
				CLANG_WARN_QUOTED_INCLUDE_IN_FRAMEWORK_HEADER = YES;
				CLANG_WARN_RANGE_LOOP_ANALYSIS = YES;
				CLANG_WARN_STRICT_PROTOTYPES = YES;
				CLANG_WARN_SUSPICIOUS_MOVE = YES;
				CLANG_WARN_UNGUARDED_AVAILABILITY = YES_AGGRESSIVE;
				CLANG_WARN_UNREACHABLE_CODE = YES;
				CLANG_WARN__DUPLICATE_METHOD_MATCH = YES;
				COPY_PHASE_STRIP = NO;
				DEBUG_INFORMATION_FORMAT = dwarf;
				ENABLE_STRICT_OBJC_MSGSEND = YES;
				ENABLE_TESTABILITY = YES;
				GCC_C_LANGUAGE_STANDARD = gnu11;
				GCC_DYNAMIC_NO_PIC = NO;
				GCC_NO_COMMON_BLOCKS = YES;
				GCC_OPTIMIZATION_LEVEL = 0;
				GCC_PREPROCESSOR_DEFINITIONS = (
					"DEBUG=1",
					"$(inherited)",
				);
				GCC_WARN_64_TO_32_BIT_CONVERSION = YES;
				GCC_WARN_ABOUT_RETURN_TYPE = YES_ERROR;
				GCC_WARN_UNDECLARED_SELECTOR = YES;
				GCC_WARN_UNINITIALIZED_AUTOS = YES_AGGRESSIVE;
				GCC_WARN_UNUSED_FUNCTION = YES;
				GCC_WARN_UNUSED_VARIABLE = YES;
				IPHONEOS_DEPLOYMENT_TARGET = 12.0;
				MTL_ENABLE_DEBUG_INFO = INCLUDE_SOURCE;
				MTL_FAST_MATH = YES;
				ONLY_ACTIVE_ARCH = YES;
				SDKROOT = iphoneos;
			};
			name = Debug;
		};
		D723D96F2562E304003DF465 /* Release */ = {
			isa = XCBuildConfiguration;
			buildSettings = {
				ALWAYS_SEARCH_USER_PATHS = NO;
				CLANG_ANALYZER_NONNULL = YES;
				CLANG_ANALYZER_NUMBER_OBJECT_CONVERSION = YES_AGGRESSIVE;
				CLANG_CXX_LANGUAGE_STANDARD = "gnu++14";
				CLANG_CXX_LIBRARY = "libc++";
				CLANG_ENABLE_MODULES = YES;
				CLANG_ENABLE_OBJC_ARC = NO;
				CLANG_ENABLE_OBJC_WEAK = YES;
				CLANG_WARN_BLOCK_CAPTURE_AUTORELEASING = YES;
				CLANG_WARN_BOOL_CONVERSION = YES;
				CLANG_WARN_COMMA = YES;
				CLANG_WARN_CONSTANT_CONVERSION = YES;
				CLANG_WARN_DEPRECATED_OBJC_IMPLEMENTATIONS = YES;
				CLANG_WARN_DIRECT_OBJC_ISA_USAGE = YES_ERROR;
				CLANG_WARN_DOCUMENTATION_COMMENTS = YES;
				CLANG_WARN_EMPTY_BODY = YES;
				CLANG_WARN_ENUM_CONVERSION = YES;
				CLANG_WARN_INFINITE_RECURSION = YES;
				CLANG_WARN_INT_CONVERSION = YES;
				CLANG_WARN_NON_LITERAL_NULL_CONVERSION = YES;
				CLANG_WARN_OBJC_IMPLICIT_RETAIN_SELF = YES;
				CLANG_WARN_OBJC_LITERAL_CONVERSION = YES;
				CLANG_WARN_OBJC_ROOT_CLASS = YES_ERROR;
				CLANG_WARN_QUOTED_INCLUDE_IN_FRAMEWORK_HEADER = YES;
				CLANG_WARN_RANGE_LOOP_ANALYSIS = YES;
				CLANG_WARN_STRICT_PROTOTYPES = YES;
				CLANG_WARN_SUSPICIOUS_MOVE = YES;
				CLANG_WARN_UNGUARDED_AVAILABILITY = YES_AGGRESSIVE;
				CLANG_WARN_UNREACHABLE_CODE = YES;
				CLANG_WARN__DUPLICATE_METHOD_MATCH = YES;
				COPY_PHASE_STRIP = NO;
				DEBUG_INFORMATION_FORMAT = "dwarf-with-dsym";
				ENABLE_NS_ASSERTIONS = NO;
				ENABLE_STRICT_OBJC_MSGSEND = YES;
				GCC_C_LANGUAGE_STANDARD = gnu11;
				GCC_NO_COMMON_BLOCKS = YES;
				GCC_WARN_64_TO_32_BIT_CONVERSION = YES;
				GCC_WARN_ABOUT_RETURN_TYPE = YES_ERROR;
				GCC_WARN_UNDECLARED_SELECTOR = YES;
				GCC_WARN_UNINITIALIZED_AUTOS = YES_AGGRESSIVE;
				GCC_WARN_UNUSED_FUNCTION = YES;
				GCC_WARN_UNUSED_VARIABLE = YES;
				IPHONEOS_DEPLOYMENT_TARGET = 12.0;
				MTL_ENABLE_DEBUG_INFO = NO;
				MTL_FAST_MATH = YES;
				SDKROOT = iphoneos;
				VALIDATE_PRODUCT = YES;
			};
			name = Release;
		};
		D723D9712562E304003DF465 /* Debug */ = {
			isa = XCBuildConfiguration;
			buildSettings = {
				ASSETCATALOG_COMPILER_APPICON_NAME = AppIcon;
				ASSETCATALOG_COMPILER_GLOBAL_ACCENT_COLOR_NAME = AccentColor;
				CODE_SIGN_STYLE = Automatic;
				DEVELOPMENT_TEAM = C46KC9Y2PT;
				INFOPLIST_FILE = "$(SRCROOT)/RSSReader/Support/Info.plist";
				IPHONEOS_DEPLOYMENT_TARGET = 12.0;
				LD_RUNPATH_SEARCH_PATHS = (
					"$(inherited)",
					"@executable_path/Frameworks",
				);
				PRODUCT_BUNDLE_IDENTIFIER = com.stankevich.RSSReader;
				PRODUCT_NAME = "$(TARGET_NAME)";
				TARGETED_DEVICE_FAMILY = "1,2";
			};
			name = Debug;
		};
		D723D9722562E304003DF465 /* Release */ = {
			isa = XCBuildConfiguration;
			buildSettings = {
				ASSETCATALOG_COMPILER_APPICON_NAME = AppIcon;
				ASSETCATALOG_COMPILER_GLOBAL_ACCENT_COLOR_NAME = AccentColor;
				CODE_SIGN_STYLE = Automatic;
				DEVELOPMENT_TEAM = C46KC9Y2PT;
				INFOPLIST_FILE = "$(SRCROOT)/RSSReader/Support/Info.plist";
				IPHONEOS_DEPLOYMENT_TARGET = 12.0;
				LD_RUNPATH_SEARCH_PATHS = (
					"$(inherited)",
					"@executable_path/Frameworks",
				);
				PRODUCT_BUNDLE_IDENTIFIER = com.stankevich.RSSReader;
				PRODUCT_NAME = "$(TARGET_NAME)";
				TARGETED_DEVICE_FAMILY = "1,2";
			};
			name = Release;
		};
/* End XCBuildConfiguration section */

/* Begin XCConfigurationList section */
		D723D9522562E2FE003DF465 /* Build configuration list for PBXProject "RSSReader" */ = {
			isa = XCConfigurationList;
			buildConfigurations = (
				D723D96E2562E304003DF465 /* Debug */,
				D723D96F2562E304003DF465 /* Release */,
			);
			defaultConfigurationIsVisible = 0;
			defaultConfigurationName = Release;
		};
		D723D9702562E304003DF465 /* Build configuration list for PBXNativeTarget "RSSReader" */ = {
			isa = XCConfigurationList;
			buildConfigurations = (
				D723D9712562E304003DF465 /* Debug */,
				D723D9722562E304003DF465 /* Release */,
			);
			defaultConfigurationIsVisible = 0;
			defaultConfigurationName = Release;
		};
/* End XCConfigurationList section */
	};
	rootObject = D723D94F2562E2FE003DF465 /* Project object */;
}
